
Microsoft Visual Studio Solution File, Format Version 12.00
# Visual Studio Version 17
VisualStudioVersion = 17.0.31903.59
MinimumVisualStudioVersion = 10.0.40219.1
Project("{FAE04EC0-301F-11D3-BF4B-00C04F79EFBC}") = "XDeck", "XDeck\XDeck.csproj", "{0A8B727D-C02B-4CA0-97B3-AA37FEA1D39E}"
EndProject
Project("{2150E333-8FDC-42A3-9474-1A3956D46DE8}") = "XPlaneConnector", "XPlaneConnector", "{227E184B-2644-4A69-9222-A7873B2AAB8E}"
EndProject
Project("{2150E333-8FDC-42A3-9474-1A3956D46DE8}") = "XPlaneConnector", "XPlaneConnector", "{BB5E6EAC-7B90-443C-B60E-1F9D14204F2C}"
EndProject
Project("{FAE04EC0-301F-11D3-BF4B-00C04F79EFBC}") = "XPlaneConnector.Core", "XPlaneConnector\XPlaneConnector\XPlaneConnector.Core\XPlaneConnector.Core.csproj", "{FE9D275D-4B47-4CF4-9F23-BA4F14BC50F0}"
EndProject
Global
	GlobalSection(SolutionConfigurationPlatforms) = preSolution
		Debug|Any CPU = Debug|Any CPU
		Release|Any CPU = Release|Any CPU
	EndGlobalSection
	GlobalSection(SolutionProperties) = preSolution
		HideSolutionNode = FALSE
	EndGlobalSection
	GlobalSection(ProjectConfigurationPlatforms) = postSolution
		{0A8B727D-C02B-4CA0-97B3-AA37FEA1D39E}.Debug|Any CPU.ActiveCfg = Debug|Any CPU
		{0A8B727D-C02B-4CA0-97B3-AA37FEA1D39E}.Debug|Any CPU.Build.0 = Debug|Any CPU
		{0A8B727D-C02B-4CA0-97B3-AA37FEA1D39E}.Release|Any CPU.ActiveCfg = Release|Any CPU
		{0A8B727D-C02B-4CA0-97B3-AA37FEA1D39E}.Release|Any CPU.Build.0 = Release|Any CPU
		{FE9D275D-4B47-4CF4-9F23-BA4F14BC50F0}.Debug|Any CPU.ActiveCfg = Debug|Any CPU
		{FE9D275D-4B47-4CF4-9F23-BA4F14BC50F0}.Debug|Any CPU.Build.0 = Debug|Any CPU
		{FE9D275D-4B47-4CF4-9F23-BA4F14BC50F0}.Release|Any CPU.ActiveCfg = Release|Any CPU
		{FE9D275D-4B47-4CF4-9F23-BA4F14BC50F0}.Release|Any CPU.Build.0 = Release|Any CPU
	EndGlobalSection
	GlobalSection(NestedProjects) = preSolution
		{BB5E6EAC-7B90-443C-B60E-1F9D14204F2C} = {227E184B-2644-4A69-9222-A7873B2AAB8E}
		{FE9D275D-4B47-4CF4-9F23-BA4F14BC50F0} = {BB5E6EAC-7B90-443C-B60E-1F9D14204F2C}
	EndGlobalSection
EndGlobal
